
Microsoft Visual Studio Solution File, Format Version 12.00
# Visual Studio Version 17
VisualStudioVersion = 17.5.33530.505
MinimumVisualStudioVersion = 10.0.40219.1
Project("{FAE04EC0-301F-11D3-BF4B-00C04F79EFBC}") = "WebParserCli", "WebParserCli\WebParserCli.csproj", "{DC92C5BE-0D5C-483B-A7F2-A78DF16AC87B}"
EndProject
Global
	GlobalSection(SolutionConfigurationPlatforms) = preSolution
		Debug|Any CPU = Debug|Any CPU
		Release|Any CPU = Release|Any CPU
	EndGlobalSection
	GlobalSection(ProjectConfigurationPlatforms) = postSolution
		{DC92C5BE-0D5C-483B-A7F2-A78DF16AC87B}.Debug|Any CPU.ActiveCfg = Debug|Any CPU
		{DC92C5BE-0D5C-483B-A7F2-A78DF16AC87B}.Debug|Any CPU.Build.0 = Debug|Any CPU
		{DC92C5BE-0D5C-483B-A7F2-A78DF16AC87B}.Release|Any CPU.ActiveCfg = Release|Any CPU
		{DC92C5BE-0D5C-483B-A7F2-A78DF16AC87B}.Release|Any CPU.Build.0 = Release|Any CPU
	EndGlobalSection
	GlobalSection(SolutionProperties) = preSolution
		HideSolutionNode = FALSE
	EndGlobalSection
	GlobalSection(ExtensibilityGlobals) = postSolution
		SolutionGuid = {3F1F738F-14AB-46C2-AD14-E77AFB020E71}
	EndGlobalSection
EndGlobal
